// !$*UTF8*$!
{
	archiveVersion = 1;
	classes = {
	};
	objectVersion = 46;
	objects = {

/* Begin PBXBuildFile section */
		0A5EB1A285690725CC9BEEFF /* Pods_SCFilterDataProvider.framework in Frameworks */ = {isa = PBXBuildFile; fileRef = 9D7D59D8659045AA1C1D02B1 /* Pods_SCFilterDataProvider.framework */; };
		48E57CFE0FDBE7C256F26E4B /* Pods_SelfControlIOS.framework in Frameworks */ = {isa = PBXBuildFile; fileRef = A039EC64E81556A65EF5774E /* Pods_SelfControlIOS.framework */; };
		A339774405143C9F31B34DA3 /* Pods_SelfControlIOSTests.framework in Frameworks */ = {isa = PBXBuildFile; fileRef = 2E38E2A3851FB26B638BC57F /* Pods_SelfControlIOSTests.framework */; };
		A7004475EED8281FC7E23E31 /* Pods_SCFilterControlProvider.framework in Frameworks */ = {isa = PBXBuildFile; fileRef = 4FEDDAF9959688D12A1484F5 /* Pods_SCFilterControlProvider.framework */; };
		C415A43D29B9C5251812EF9B /* Pods_SelfControlIOSUITests.framework in Frameworks */ = {isa = PBXBuildFile; fileRef = 40D1DD9B7ABFD420591B5C45 /* Pods_SelfControlIOSUITests.framework */; };
		CB0A89491F08357200F2A352 /* SCTimeIntervalFormatter.m in Sources */ = {isa = PBXBuildFile; fileRef = CB0A89481F08357200F2A352 /* SCTimeIntervalFormatter.m */; };
		CB0A894D1F08399500F2A352 /* SCAlertFactory.m in Sources */ = {isa = PBXBuildFile; fileRef = CB0A894C1F08399500F2A352 /* SCAlertFactory.m */; };
		CB0E6AA11EC19759003CA02B /* SCUtils.m in Sources */ = {isa = PBXBuildFile; fileRef = CB0E6AA01EC19759003CA02B /* SCUtils.m */; };
		CB0E6AA21EC1982A003CA02B /* SCUtils.m in Sources */ = {isa = PBXBuildFile; fileRef = CB0E6AA01EC19759003CA02B /* SCUtils.m */; };
		CB0E6AA31EC1982A003CA02B /* SCUtils.m in Sources */ = {isa = PBXBuildFile; fileRef = CB0E6AA01EC19759003CA02B /* SCUtils.m */; };
		CB84E2EA1E109803005A0A6B /* SCFilterDataProvider.appex in Embed App Extensions */ = {isa = PBXBuildFile; fileRef = CB84E2E11E109803005A0A6B /* SCFilterDataProvider.appex */; settings = {ATTRIBUTES = (RemoveHeadersOnCopy, ); }; };
		CB84E2FB1E1098E6005A0A6B /* SCFilterControlProvider.appex in Embed App Extensions */ = {isa = PBXBuildFile; fileRef = CB84E2F21E1098E6005A0A6B /* SCFilterControlProvider.appex */; settings = {ATTRIBUTES = (RemoveHeadersOnCopy, ); }; };
		CB84E3081E109A59005A0A6B /* DataExtension.swift in Sources */ = {isa = PBXBuildFile; fileRef = CB84E3051E109A59005A0A6B /* DataExtension.swift */; };
		CB84E30B1E109A90005A0A6B /* Info.plist in Resources */ = {isa = PBXBuildFile; fileRef = CB84E30A1E109A90005A0A6B /* Info.plist */; };
		CB84E30F1E109AB5005A0A6B /* ControlExtension.swift in Sources */ = {isa = PBXBuildFile; fileRef = CB84E30C1E109AB5005A0A6B /* ControlExtension.swift */; };
		CB84E3101E109AB5005A0A6B /* Info.plist in Resources */ = {isa = PBXBuildFile; fileRef = CB84E30E1E109AB5005A0A6B /* Info.plist */; };
		CB84E3121E10AA83005A0A6B /* FilterUtilities.swift in Sources */ = {isa = PBXBuildFile; fileRef = CB84E3111E10AA83005A0A6B /* FilterUtilities.swift */; };
		CB84E3131E10AAB6005A0A6B /* FilterUtilities.swift in Sources */ = {isa = PBXBuildFile; fileRef = CB84E3111E10AA83005A0A6B /* FilterUtilities.swift */; };
		CB84E3141E10AAB7005A0A6B /* FilterUtilities.swift in Sources */ = {isa = PBXBuildFile; fileRef = CB84E3111E10AA83005A0A6B /* FilterUtilities.swift */; };
		CB93D1B41E0F216700CE0571 /* Assets.xcassets in Resources */ = {isa = PBXBuildFile; fileRef = CB93D1B31E0F216700CE0571 /* Assets.xcassets */; };
		CB93D1B71E0F216700CE0571 /* LaunchScreen.storyboard in Resources */ = {isa = PBXBuildFile; fileRef = CB93D1B51E0F216700CE0571 /* LaunchScreen.storyboard */; };
		CB93D1C21E0F216800CE0571 /* SelfControlIOSTests.swift in Sources */ = {isa = PBXBuildFile; fileRef = CB93D1C11E0F216800CE0571 /* SelfControlIOSTests.swift */; };
		CB93D1CD1E0F216800CE0571 /* SelfControlIOSUITests.swift in Sources */ = {isa = PBXBuildFile; fileRef = CB93D1CC1E0F216800CE0571 /* SelfControlIOSUITests.swift */; };
		CBCFC6131F0C330F00F11008 /* SCImportSitesViewController.m in Sources */ = {isa = PBXBuildFile; fileRef = CBCFC6121F0C330F00F11008 /* SCImportSitesViewController.m */; };
		CBF188CB1E6299F0008EFB00 /* main.m in Sources */ = {isa = PBXBuildFile; fileRef = CBF188CA1E6299F0008EFB00 /* main.m */; };
		CBF188CE1E629A3B008EFB00 /* SCAppDelegate.m in Sources */ = {isa = PBXBuildFile; fileRef = CBF188CD1E629A3B008EFB00 /* SCAppDelegate.m */; };
		CBF188D11E629B5A008EFB00 /* SCStartViewController.m in Sources */ = {isa = PBXBuildFile; fileRef = CBF188D01E629B5A008EFB00 /* SCStartViewController.m */; };
		CBF188D41E629CAC008EFB00 /* SCBlockListViewController.m in Sources */ = {isa = PBXBuildFile; fileRef = CBF188D31E629CAC008EFB00 /* SCBlockListViewController.m */; };
		CBF188D71E629D03008EFB00 /* SCTimerViewController.m in Sources */ = {isa = PBXBuildFile; fileRef = CBF188D61E629D03008EFB00 /* SCTimerViewController.m */; };
		CBF188DA1E629D16008EFB00 /* SCMainViewController.m in Sources */ = {isa = PBXBuildFile; fileRef = CBF188D91E629D16008EFB00 /* SCMainViewController.m */; };
		CBF188DD1E62AAB4008EFB00 /* SCBlockManager.m in Sources */ = {isa = PBXBuildFile; fileRef = CBF188DC1E62AAB4008EFB00 /* SCBlockManager.m */; };
		CBF188E01E62AC83008EFB00 /* SCBlockRule.m in Sources */ = {isa = PBXBuildFile; fileRef = CBF188DF1E62AC83008EFB00 /* SCBlockRule.m */; };
		CBF188E11E62AEAF008EFB00 /* SCBlockRule.m in Sources */ = {isa = PBXBuildFile; fileRef = CBF188DF1E62AC83008EFB00 /* SCBlockRule.m */; };
		CBF188E21E62AEB0008EFB00 /* SCBlockRule.m in Sources */ = {isa = PBXBuildFile; fileRef = CBF188DF1E62AC83008EFB00 /* SCBlockRule.m */; };
		CBF188E51E62BA23008EFB00 /* SCBlockRuleTableViewCell.m in Sources */ = {isa = PBXBuildFile; fileRef = CBF188E41E62BA23008EFB00 /* SCBlockRuleTableViewCell.m */; };
/* End PBXBuildFile section */

/* Begin PBXContainerItemProxy section */
		CB84E2E81E109803005A0A6B /* PBXContainerItemProxy */ = {
			isa = PBXContainerItemProxy;
			containerPortal = CB93D19F1E0F216700CE0571 /* Project object */;
			proxyType = 1;
			remoteGlobalIDString = CB84E2E01E109803005A0A6B;
			remoteInfo = SCFilterDataProvider;
		};
		CB84E2F91E1098E6005A0A6B /* PBXContainerItemProxy */ = {
			isa = PBXContainerItemProxy;
			containerPortal = CB93D19F1E0F216700CE0571 /* Project object */;
			proxyType = 1;
			remoteGlobalIDString = CB84E2F11E1098E6005A0A6B;
			remoteInfo = SCFilterControlProvider;
		};
		CB93D1BE1E0F216700CE0571 /* PBXContainerItemProxy */ = {
			isa = PBXContainerItemProxy;
			containerPortal = CB93D19F1E0F216700CE0571 /* Project object */;
			proxyType = 1;
			remoteGlobalIDString = CB93D1A61E0F216700CE0571;
			remoteInfo = SelfControlIOS;
		};
		CB93D1C91E0F216800CE0571 /* PBXContainerItemProxy */ = {
			isa = PBXContainerItemProxy;
			containerPortal = CB93D19F1E0F216700CE0571 /* Project object */;
			proxyType = 1;
			remoteGlobalIDString = CB93D1A61E0F216700CE0571;
			remoteInfo = SelfControlIOS;
		};
/* End PBXContainerItemProxy section */

/* Begin PBXCopyFilesBuildPhase section */
		CB84E2DC1E1097C0005A0A6B /* Embed App Extensions */ = {
			isa = PBXCopyFilesBuildPhase;
			buildActionMask = 2147483647;
			dstPath = "";
			dstSubfolderSpec = 13;
			files = (
				CB84E2EA1E109803005A0A6B /* SCFilterDataProvider.appex in Embed App Extensions */,
				CB84E2FB1E1098E6005A0A6B /* SCFilterControlProvider.appex in Embed App Extensions */,
			);
			name = "Embed App Extensions";
			runOnlyForDeploymentPostprocessing = 0;
		};
/* End PBXCopyFilesBuildPhase section */

/* Begin PBXFileReference section */
		0CCCBAD2E791E83DCB010F17 /* Pods-SelfControlIOS.release.xcconfig */ = {isa = PBXFileReference; includeInIndex = 1; lastKnownFileType = text.xcconfig; name = "Pods-SelfControlIOS.release.xcconfig"; path = "Pods/Target Support Files/Pods-SelfControlIOS/Pods-SelfControlIOS.release.xcconfig"; sourceTree = "<group>"; };
		1D27F7BB3D2352173FDAAA96 /* Pods-SCFilterDataProvider.debug.xcconfig */ = {isa = PBXFileReference; includeInIndex = 1; lastKnownFileType = text.xcconfig; name = "Pods-SCFilterDataProvider.debug.xcconfig"; path = "Pods/Target Support Files/Pods-SCFilterDataProvider/Pods-SCFilterDataProvider.debug.xcconfig"; sourceTree = "<group>"; };
		2E38E2A3851FB26B638BC57F /* Pods_SelfControlIOSTests.framework */ = {isa = PBXFileReference; explicitFileType = wrapper.framework; includeInIndex = 0; path = Pods_SelfControlIOSTests.framework; sourceTree = BUILT_PRODUCTS_DIR; };
		33BD64F722E9E1F6C0E3A360 /* Pods-SelfControlIOSUITests.debug.xcconfig */ = {isa = PBXFileReference; includeInIndex = 1; lastKnownFileType = text.xcconfig; name = "Pods-SelfControlIOSUITests.debug.xcconfig"; path = "Pods/Target Support Files/Pods-SelfControlIOSUITests/Pods-SelfControlIOSUITests.debug.xcconfig"; sourceTree = "<group>"; };
		40D1DD9B7ABFD420591B5C45 /* Pods_SelfControlIOSUITests.framework */ = {isa = PBXFileReference; explicitFileType = wrapper.framework; includeInIndex = 0; path = Pods_SelfControlIOSUITests.framework; sourceTree = BUILT_PRODUCTS_DIR; };
		4E7D737682D48F73EB875808 /* Pods-SelfControlIOSTests.release.xcconfig */ = {isa = PBXFileReference; includeInIndex = 1; lastKnownFileType = text.xcconfig; name = "Pods-SelfControlIOSTests.release.xcconfig"; path = "Pods/Target Support Files/Pods-SelfControlIOSTests/Pods-SelfControlIOSTests.release.xcconfig"; sourceTree = "<group>"; };
		4FEDDAF9959688D12A1484F5 /* Pods_SCFilterControlProvider.framework */ = {isa = PBXFileReference; explicitFileType = wrapper.framework; includeInIndex = 0; path = Pods_SCFilterControlProvider.framework; sourceTree = BUILT_PRODUCTS_DIR; };
		566C8456F9D849DB0E53A88F /* Pods-SelfControlIOSTests.debug.xcconfig */ = {isa = PBXFileReference; includeInIndex = 1; lastKnownFileType = text.xcconfig; name = "Pods-SelfControlIOSTests.debug.xcconfig"; path = "Pods/Target Support Files/Pods-SelfControlIOSTests/Pods-SelfControlIOSTests.debug.xcconfig"; sourceTree = "<group>"; };
		8C69D7AC2265A2B968A6F971 /* Pods-SelfControlIOS.debug.xcconfig */ = {isa = PBXFileReference; includeInIndex = 1; lastKnownFileType = text.xcconfig; name = "Pods-SelfControlIOS.debug.xcconfig"; path = "Pods/Target Support Files/Pods-SelfControlIOS/Pods-SelfControlIOS.debug.xcconfig"; sourceTree = "<group>"; };
		9D7D59D8659045AA1C1D02B1 /* Pods_SCFilterDataProvider.framework */ = {isa = PBXFileReference; explicitFileType = wrapper.framework; includeInIndex = 0; path = Pods_SCFilterDataProvider.framework; sourceTree = BUILT_PRODUCTS_DIR; };
		A039EC64E81556A65EF5774E /* Pods_SelfControlIOS.framework */ = {isa = PBXFileReference; explicitFileType = wrapper.framework; includeInIndex = 0; path = Pods_SelfControlIOS.framework; sourceTree = BUILT_PRODUCTS_DIR; };
		A92079944857ED4CFFCC835E /* Pods-SCFilterControlProvider.debug.xcconfig */ = {isa = PBXFileReference; includeInIndex = 1; lastKnownFileType = text.xcconfig; name = "Pods-SCFilterControlProvider.debug.xcconfig"; path = "Pods/Target Support Files/Pods-SCFilterControlProvider/Pods-SCFilterControlProvider.debug.xcconfig"; sourceTree = "<group>"; };
		AE4D96655C5D62F02D55D1B9 /* Pods-SelfControlIOSUITests.release.xcconfig */ = {isa = PBXFileReference; includeInIndex = 1; lastKnownFileType = text.xcconfig; name = "Pods-SelfControlIOSUITests.release.xcconfig"; path = "Pods/Target Support Files/Pods-SelfControlIOSUITests/Pods-SelfControlIOSUITests.release.xcconfig"; sourceTree = "<group>"; };
		C21782EE3B920946130B3C63 /* Pods-SCFilterControlProvider.release.xcconfig */ = {isa = PBXFileReference; includeInIndex = 1; lastKnownFileType = text.xcconfig; name = "Pods-SCFilterControlProvider.release.xcconfig"; path = "Pods/Target Support Files/Pods-SCFilterControlProvider/Pods-SCFilterControlProvider.release.xcconfig"; sourceTree = "<group>"; };
		C71BD1CBC762FFF03C7DF4E8 /* Pods-SCFilterDataProvider.release.xcconfig */ = {isa = PBXFileReference; includeInIndex = 1; lastKnownFileType = text.xcconfig; name = "Pods-SCFilterDataProvider.release.xcconfig"; path = "Pods/Target Support Files/Pods-SCFilterDataProvider/Pods-SCFilterDataProvider.release.xcconfig"; sourceTree = "<group>"; };
		CB0A04121E9B556B00EDD04F /* SelfControlIOS.entitlements */ = {isa = PBXFileReference; lastKnownFileType = text.plist.entitlements; path = SelfControlIOS.entitlements; sourceTree = "<group>"; };
		CB0A89471F08357200F2A352 /* SCTimeIntervalFormatter.h */ = {isa = PBXFileReference; fileEncoding = 4; lastKnownFileType = sourcecode.c.h; path = SCTimeIntervalFormatter.h; sourceTree = "<group>"; };
		CB0A89481F08357200F2A352 /* SCTimeIntervalFormatter.m */ = {isa = PBXFileReference; fileEncoding = 4; lastKnownFileType = sourcecode.c.objc; path = SCTimeIntervalFormatter.m; sourceTree = "<group>"; };
		CB0A894B1F08399500F2A352 /* SCAlertFactory.h */ = {isa = PBXFileReference; fileEncoding = 4; lastKnownFileType = sourcecode.c.h; path = SCAlertFactory.h; sourceTree = "<group>"; };
		CB0A894C1F08399500F2A352 /* SCAlertFactory.m */ = {isa = PBXFileReference; fileEncoding = 4; lastKnownFileType = sourcecode.c.objc; path = SCAlertFactory.m; sourceTree = "<group>"; };
		CB0E6A9F1EC19759003CA02B /* SCUtils.h */ = {isa = PBXFileReference; fileEncoding = 4; lastKnownFileType = sourcecode.c.h; path = SCUtils.h; sourceTree = "<group>"; };
		CB0E6AA01EC19759003CA02B /* SCUtils.m */ = {isa = PBXFileReference; fileEncoding = 4; lastKnownFileType = sourcecode.c.objc; path = SCUtils.m; sourceTree = "<group>"; };
		CB5D28AC1E9B572600EF7753 /* SCFilterDataProvider.entitlements */ = {isa = PBXFileReference; lastKnownFileType = text.plist.entitlements; path = SCFilterDataProvider.entitlements; sourceTree = "<group>"; };
		CB5D28AD1E9B572D00EF7753 /* SCFilterControlProvider.entitlements */ = {isa = PBXFileReference; lastKnownFileType = text.plist.entitlements; path = SCFilterControlProvider.entitlements; sourceTree = "<group>"; };
		CB84E2E11E109803005A0A6B /* SCFilterDataProvider.appex */ = {isa = PBXFileReference; explicitFileType = "wrapper.app-extension"; includeInIndex = 0; path = SCFilterDataProvider.appex; sourceTree = BUILT_PRODUCTS_DIR; };
		CB84E2F21E1098E6005A0A6B /* SCFilterControlProvider.appex */ = {isa = PBXFileReference; explicitFileType = "wrapper.app-extension"; includeInIndex = 0; path = SCFilterControlProvider.appex; sourceTree = BUILT_PRODUCTS_DIR; };
		CB84E3051E109A59005A0A6B /* DataExtension.swift */ = {isa = PBXFileReference; fileEncoding = 4; lastKnownFileType = sourcecode.swift; path = DataExtension.swift; sourceTree = "<group>"; };
		CB84E3061E109A59005A0A6B /* DataFilterExtension.entitlements */ = {isa = PBXFileReference; fileEncoding = 4; lastKnownFileType = text.plist.entitlements; path = DataFilterExtension.entitlements; sourceTree = "<group>"; };
		CB84E30A1E109A90005A0A6B /* Info.plist */ = {isa = PBXFileReference; fileEncoding = 4; lastKnownFileType = text.plist.xml; path = Info.plist; sourceTree = "<group>"; };
		CB84E30C1E109AB5005A0A6B /* ControlExtension.swift */ = {isa = PBXFileReference; fileEncoding = 4; lastKnownFileType = sourcecode.swift; path = ControlExtension.swift; sourceTree = "<group>"; };
		CB84E30D1E109AB5005A0A6B /* ControlFilterExtension.entitlements */ = {isa = PBXFileReference; fileEncoding = 4; lastKnownFileType = text.plist.entitlements; path = ControlFilterExtension.entitlements; sourceTree = "<group>"; };
		CB84E30E1E109AB5005A0A6B /* Info.plist */ = {isa = PBXFileReference; fileEncoding = 4; lastKnownFileType = text.plist.xml; path = Info.plist; sourceTree = "<group>"; };
		CB84E3111E10AA83005A0A6B /* FilterUtilities.swift */ = {isa = PBXFileReference; fileEncoding = 4; lastKnownFileType = sourcecode.swift; path = FilterUtilities.swift; sourceTree = "<group>"; };
		CB93D1A71E0F216700CE0571 /* SelfControlIOS.app */ = {isa = PBXFileReference; explicitFileType = wrapper.application; includeInIndex = 0; path = SelfControlIOS.app; sourceTree = BUILT_PRODUCTS_DIR; };
		CB93D1B31E0F216700CE0571 /* Assets.xcassets */ = {isa = PBXFileReference; lastKnownFileType = folder.assetcatalog; path = Assets.xcassets; sourceTree = "<group>"; };
		CB93D1B61E0F216700CE0571 /* Base */ = {isa = PBXFileReference; lastKnownFileType = file.storyboard; name = Base; path = Base.lproj/LaunchScreen.storyboard; sourceTree = "<group>"; };
		CB93D1B81E0F216700CE0571 /* Info.plist */ = {isa = PBXFileReference; lastKnownFileType = text.plist.xml; path = Info.plist; sourceTree = "<group>"; };
		CB93D1BD1E0F216700CE0571 /* SelfControlIOSTests.xctest */ = {isa = PBXFileReference; explicitFileType = wrapper.cfbundle; includeInIndex = 0; path = SelfControlIOSTests.xctest; sourceTree = BUILT_PRODUCTS_DIR; };
		CB93D1C11E0F216800CE0571 /* SelfControlIOSTests.swift */ = {isa = PBXFileReference; lastKnownFileType = sourcecode.swift; path = SelfControlIOSTests.swift; sourceTree = "<group>"; };
		CB93D1C31E0F216800CE0571 /* Info.plist */ = {isa = PBXFileReference; lastKnownFileType = text.plist.xml; path = Info.plist; sourceTree = "<group>"; };
		CB93D1C81E0F216800CE0571 /* SelfControlIOSUITests.xctest */ = {isa = PBXFileReference; explicitFileType = wrapper.cfbundle; includeInIndex = 0; path = SelfControlIOSUITests.xctest; sourceTree = BUILT_PRODUCTS_DIR; };
		CB93D1CC1E0F216800CE0571 /* SelfControlIOSUITests.swift */ = {isa = PBXFileReference; lastKnownFileType = sourcecode.swift; path = SelfControlIOSUITests.swift; sourceTree = "<group>"; };
		CB93D1CE1E0F216800CE0571 /* Info.plist */ = {isa = PBXFileReference; lastKnownFileType = text.plist.xml; path = Info.plist; sourceTree = "<group>"; };
		CBCFC6111F0C330F00F11008 /* SCImportSitesViewController.h */ = {isa = PBXFileReference; fileEncoding = 4; lastKnownFileType = sourcecode.c.h; path = SCImportSitesViewController.h; sourceTree = "<group>"; };
		CBCFC6121F0C330F00F11008 /* SCImportSitesViewController.m */ = {isa = PBXFileReference; fileEncoding = 4; lastKnownFileType = sourcecode.c.objc; path = SCImportSitesViewController.m; sourceTree = "<group>"; };
		CBF188C91E6299F0008EFB00 /* SelfControlIOS-Bridging-Header.h */ = {isa = PBXFileReference; lastKnownFileType = sourcecode.c.h; path = "SelfControlIOS-Bridging-Header.h"; sourceTree = "<group>"; };
		CBF188CA1E6299F0008EFB00 /* main.m */ = {isa = PBXFileReference; fileEncoding = 4; lastKnownFileType = sourcecode.c.objc; path = main.m; sourceTree = "<group>"; };
		CBF188CC1E629A3B008EFB00 /* SCAppDelegate.h */ = {isa = PBXFileReference; fileEncoding = 4; lastKnownFileType = sourcecode.c.h; path = SCAppDelegate.h; sourceTree = "<group>"; };
		CBF188CD1E629A3B008EFB00 /* SCAppDelegate.m */ = {isa = PBXFileReference; fileEncoding = 4; lastKnownFileType = sourcecode.c.objc; path = SCAppDelegate.m; sourceTree = "<group>"; };
		CBF188CF1E629B5A008EFB00 /* SCStartViewController.h */ = {isa = PBXFileReference; fileEncoding = 4; lastKnownFileType = sourcecode.c.h; path = SCStartViewController.h; sourceTree = "<group>"; };
		CBF188D01E629B5A008EFB00 /* SCStartViewController.m */ = {isa = PBXFileReference; fileEncoding = 4; lastKnownFileType = sourcecode.c.objc; path = SCStartViewController.m; sourceTree = "<group>"; };
		CBF188D21E629CAC008EFB00 /* SCBlockListViewController.h */ = {isa = PBXFileReference; fileEncoding = 4; lastKnownFileType = sourcecode.c.h; path = SCBlockListViewController.h; sourceTree = "<group>"; };
		CBF188D31E629CAC008EFB00 /* SCBlockListViewController.m */ = {isa = PBXFileReference; fileEncoding = 4; lastKnownFileType = sourcecode.c.objc; path = SCBlockListViewController.m; sourceTree = "<group>"; };
		CBF188D51E629D03008EFB00 /* SCTimerViewController.h */ = {isa = PBXFileReference; fileEncoding = 4; lastKnownFileType = sourcecode.c.h; path = SCTimerViewController.h; sourceTree = "<group>"; };
		CBF188D61E629D03008EFB00 /* SCTimerViewController.m */ = {isa = PBXFileReference; fileEncoding = 4; lastKnownFileType = sourcecode.c.objc; path = SCTimerViewController.m; sourceTree = "<group>"; };
		CBF188D81E629D16008EFB00 /* SCMainViewController.h */ = {isa = PBXFileReference; fileEncoding = 4; lastKnownFileType = sourcecode.c.h; path = SCMainViewController.h; sourceTree = "<group>"; };
		CBF188D91E629D16008EFB00 /* SCMainViewController.m */ = {isa = PBXFileReference; fileEncoding = 4; lastKnownFileType = sourcecode.c.objc; path = SCMainViewController.m; sourceTree = "<group>"; };
		CBF188DB1E62AAB4008EFB00 /* SCBlockManager.h */ = {isa = PBXFileReference; fileEncoding = 4; lastKnownFileType = sourcecode.c.h; path = SCBlockManager.h; sourceTree = "<group>"; };
		CBF188DC1E62AAB4008EFB00 /* SCBlockManager.m */ = {isa = PBXFileReference; fileEncoding = 4; lastKnownFileType = sourcecode.c.objc; path = SCBlockManager.m; sourceTree = "<group>"; };
		CBF188DE1E62AC83008EFB00 /* SCBlockRule.h */ = {isa = PBXFileReference; fileEncoding = 4; lastKnownFileType = sourcecode.c.h; path = SCBlockRule.h; sourceTree = "<group>"; };
		CBF188DF1E62AC83008EFB00 /* SCBlockRule.m */ = {isa = PBXFileReference; fileEncoding = 4; lastKnownFileType = sourcecode.c.objc; path = SCBlockRule.m; sourceTree = "<group>"; };
		CBF188E31E62BA23008EFB00 /* SCBlockRuleTableViewCell.h */ = {isa = PBXFileReference; fileEncoding = 4; lastKnownFileType = sourcecode.c.h; path = SCBlockRuleTableViewCell.h; sourceTree = "<group>"; };
		CBF188E41E62BA23008EFB00 /* SCBlockRuleTableViewCell.m */ = {isa = PBXFileReference; fileEncoding = 4; lastKnownFileType = sourcecode.c.objc; path = SCBlockRuleTableViewCell.m; sourceTree = "<group>"; };
/* End PBXFileReference section */

/* Begin PBXFrameworksBuildPhase section */
		CB84E2DE1E109803005A0A6B /* Frameworks */ = {
			isa = PBXFrameworksBuildPhase;
			buildActionMask = 2147483647;
			files = (
				0A5EB1A285690725CC9BEEFF /* Pods_SCFilterDataProvider.framework in Frameworks */,
			);
			runOnlyForDeploymentPostprocessing = 0;
		};
		CB84E2EF1E1098E6005A0A6B /* Frameworks */ = {
			isa = PBXFrameworksBuildPhase;
			buildActionMask = 2147483647;
			files = (
				A7004475EED8281FC7E23E31 /* Pods_SCFilterControlProvider.framework in Frameworks */,
			);
			runOnlyForDeploymentPostprocessing = 0;
		};
		CB93D1A41E0F216700CE0571 /* Frameworks */ = {
			isa = PBXFrameworksBuildPhase;
			buildActionMask = 2147483647;
			files = (
				48E57CFE0FDBE7C256F26E4B /* Pods_SelfControlIOS.framework in Frameworks */,
			);
			runOnlyForDeploymentPostprocessing = 0;
		};
		CB93D1BA1E0F216700CE0571 /* Frameworks */ = {
			isa = PBXFrameworksBuildPhase;
			buildActionMask = 2147483647;
			files = (
				A339774405143C9F31B34DA3 /* Pods_SelfControlIOSTests.framework in Frameworks */,
			);
			runOnlyForDeploymentPostprocessing = 0;
		};
		CB93D1C51E0F216800CE0571 /* Frameworks */ = {
			isa = PBXFrameworksBuildPhase;
			buildActionMask = 2147483647;
			files = (
				C415A43D29B9C5251812EF9B /* Pods_SelfControlIOSUITests.framework in Frameworks */,
			);
			runOnlyForDeploymentPostprocessing = 0;
		};
/* End PBXFrameworksBuildPhase section */

/* Begin PBXGroup section */
		4DB96FA4753EFAB79EFB4460 /* Pods */ = {
			isa = PBXGroup;
			children = (
				A92079944857ED4CFFCC835E /* Pods-SCFilterControlProvider.debug.xcconfig */,
				C21782EE3B920946130B3C63 /* Pods-SCFilterControlProvider.release.xcconfig */,
				1D27F7BB3D2352173FDAAA96 /* Pods-SCFilterDataProvider.debug.xcconfig */,
				C71BD1CBC762FFF03C7DF4E8 /* Pods-SCFilterDataProvider.release.xcconfig */,
				8C69D7AC2265A2B968A6F971 /* Pods-SelfControlIOS.debug.xcconfig */,
				0CCCBAD2E791E83DCB010F17 /* Pods-SelfControlIOS.release.xcconfig */,
				566C8456F9D849DB0E53A88F /* Pods-SelfControlIOSTests.debug.xcconfig */,
				4E7D737682D48F73EB875808 /* Pods-SelfControlIOSTests.release.xcconfig */,
				33BD64F722E9E1F6C0E3A360 /* Pods-SelfControlIOSUITests.debug.xcconfig */,
				AE4D96655C5D62F02D55D1B9 /* Pods-SelfControlIOSUITests.release.xcconfig */,
			);
			name = Pods;
			sourceTree = "<group>";
		};
		92C55FC59B44EB525FCC327D /* Frameworks */ = {
			isa = PBXGroup;
			children = (
				4FEDDAF9959688D12A1484F5 /* Pods_SCFilterControlProvider.framework */,
				9D7D59D8659045AA1C1D02B1 /* Pods_SCFilterDataProvider.framework */,
				A039EC64E81556A65EF5774E /* Pods_SelfControlIOS.framework */,
				2E38E2A3851FB26B638BC57F /* Pods_SelfControlIOSTests.framework */,
				40D1DD9B7ABFD420591B5C45 /* Pods_SelfControlIOSUITests.framework */,
			);
			name = Frameworks;
			sourceTree = "<group>";
		};
		CB0A894A1F08357600F2A352 /* Formatters */ = {
			isa = PBXGroup;
			children = (
				CB0A89471F08357200F2A352 /* SCTimeIntervalFormatter.h */,
				CB0A89481F08357200F2A352 /* SCTimeIntervalFormatter.m */,
			);
			name = Formatters;
			sourceTree = "<group>";
		};
		CB84E2E21E109803005A0A6B /* SCFilterDataProvider */ = {
			isa = PBXGroup;
			children = (
				CB5D28AC1E9B572600EF7753 /* SCFilterDataProvider.entitlements */,
				CB84E3051E109A59005A0A6B /* DataExtension.swift */,
				CB84E3061E109A59005A0A6B /* DataFilterExtension.entitlements */,
				CB84E30A1E109A90005A0A6B /* Info.plist */,
			);
			path = SCFilterDataProvider;
			sourceTree = "<group>";
		};
		CB84E2F31E1098E6005A0A6B /* SCFilterControlProvider */ = {
			isa = PBXGroup;
			children = (
				CB5D28AD1E9B572D00EF7753 /* SCFilterControlProvider.entitlements */,
				CB84E30C1E109AB5005A0A6B /* ControlExtension.swift */,
				CB84E30D1E109AB5005A0A6B /* ControlFilterExtension.entitlements */,
				CB84E30E1E109AB5005A0A6B /* Info.plist */,
			);
			path = SCFilterControlProvider;
			sourceTree = "<group>";
		};
		CB93D19E1E0F216700CE0571 = {
			isa = PBXGroup;
			children = (
				CB93D1A91E0F216700CE0571 /* SelfControlIOS */,
				CB93D1C01E0F216800CE0571 /* SelfControlIOSTests */,
				CB93D1CB1E0F216800CE0571 /* SelfControlIOSUITests */,
				CB84E2F31E1098E6005A0A6B /* SCFilterControlProvider */,
				CB84E2E21E109803005A0A6B /* SCFilterDataProvider */,
				CB93D1A81E0F216700CE0571 /* Products */,
				4DB96FA4753EFAB79EFB4460 /* Pods */,
				92C55FC59B44EB525FCC327D /* Frameworks */,
			);
			sourceTree = "<group>";
		};
		CB93D1A81E0F216700CE0571 /* Products */ = {
			isa = PBXGroup;
			children = (
				CB93D1A71E0F216700CE0571 /* SelfControlIOS.app */,
				CB93D1BD1E0F216700CE0571 /* SelfControlIOSTests.xctest */,
				CB93D1C81E0F216800CE0571 /* SelfControlIOSUITests.xctest */,
				CB84E2E11E109803005A0A6B /* SCFilterDataProvider.appex */,
				CB84E2F21E1098E6005A0A6B /* SCFilterControlProvider.appex */,
			);
			name = Products;
			sourceTree = "<group>";
		};
		CB93D1A91E0F216700CE0571 /* SelfControlIOS */ = {
			isa = PBXGroup;
			children = (
				CB0A04121E9B556B00EDD04F /* SelfControlIOS.entitlements */,
				CBF188CC1E629A3B008EFB00 /* SCAppDelegate.h */,
				CBF188CD1E629A3B008EFB00 /* SCAppDelegate.m */,
				CBF188CF1E629B5A008EFB00 /* SCStartViewController.h */,
				CBF188D01E629B5A008EFB00 /* SCStartViewController.m */,
				CBF188D81E629D16008EFB00 /* SCMainViewController.h */,
				CBF188D91E629D16008EFB00 /* SCMainViewController.m */,
				CBF188E31E62BA23008EFB00 /* SCBlockRuleTableViewCell.h */,
				CBF188E41E62BA23008EFB00 /* SCBlockRuleTableViewCell.m */,
				CBF188D21E629CAC008EFB00 /* SCBlockListViewController.h */,
				CBF188D31E629CAC008EFB00 /* SCBlockListViewController.m */,
				CBCFC6111F0C330F00F11008 /* SCImportSitesViewController.h */,
				CBCFC6121F0C330F00F11008 /* SCImportSitesViewController.m */,
				CBF188D51E629D03008EFB00 /* SCTimerViewController.h */,
				CBF188D61E629D03008EFB00 /* SCTimerViewController.m */,
				CBF188DE1E62AC83008EFB00 /* SCBlockRule.h */,
				CBF188DF1E62AC83008EFB00 /* SCBlockRule.m */,
				CBF188DB1E62AAB4008EFB00 /* SCBlockManager.h */,
				CBF188DC1E62AAB4008EFB00 /* SCBlockManager.m */,
				CB0A894B1F08399500F2A352 /* SCAlertFactory.h */,
				CB0A894C1F08399500F2A352 /* SCAlertFactory.m */,
				CB0A894A1F08357600F2A352 /* Formatters */,
				CB0E6A9F1EC19759003CA02B /* SCUtils.h */,
				CB0E6AA01EC19759003CA02B /* SCUtils.m */,
				CB93D1B31E0F216700CE0571 /* Assets.xcassets */,
				CB93D1B51E0F216700CE0571 /* LaunchScreen.storyboard */,
				CB93D1B81E0F216700CE0571 /* Info.plist */,
				CBF188CA1E6299F0008EFB00 /* main.m */,
				CB84E3111E10AA83005A0A6B /* FilterUtilities.swift */,
				CBF188C91E6299F0008EFB00 /* SelfControlIOS-Bridging-Header.h */,
			);
			path = SelfControlIOS;
			sourceTree = "<group>";
		};
		CB93D1C01E0F216800CE0571 /* SelfControlIOSTests */ = {
			isa = PBXGroup;
			children = (
				CB93D1C11E0F216800CE0571 /* SelfControlIOSTests.swift */,
				CB93D1C31E0F216800CE0571 /* Info.plist */,
			);
			path = SelfControlIOSTests;
			sourceTree = "<group>";
		};
		CB93D1CB1E0F216800CE0571 /* SelfControlIOSUITests */ = {
			isa = PBXGroup;
			children = (
				CB93D1CC1E0F216800CE0571 /* SelfControlIOSUITests.swift */,
				CB93D1CE1E0F216800CE0571 /* Info.plist */,
			);
			path = SelfControlIOSUITests;
			sourceTree = "<group>";
		};
/* End PBXGroup section */

/* Begin PBXNativeTarget section */
		CB84E2E01E109803005A0A6B /* SCFilterDataProvider */ = {
			isa = PBXNativeTarget;
			buildConfigurationList = CB84E2EB1E109803005A0A6B /* Build configuration list for PBXNativeTarget "SCFilterDataProvider" */;
			buildPhases = (
				6283E943482B93A9B0951536 /* [CP] Check Pods Manifest.lock */,
				CB84E2DD1E109803005A0A6B /* Sources */,
				CB84E2DE1E109803005A0A6B /* Frameworks */,
				CB84E2DF1E109803005A0A6B /* Resources */,
				DB00D4803073252239957013 /* [CP] Copy Pods Resources */,
			);
			buildRules = (
			);
			dependencies = (
			);
			name = SCFilterDataProvider;
			productName = SCFilterDataProvider;
			productReference = CB84E2E11E109803005A0A6B /* SCFilterDataProvider.appex */;
			productType = "com.apple.product-type.app-extension";
		};
		CB84E2F11E1098E6005A0A6B /* SCFilterControlProvider */ = {
			isa = PBXNativeTarget;
			buildConfigurationList = CB84E2FC1E1098E6005A0A6B /* Build configuration list for PBXNativeTarget "SCFilterControlProvider" */;
			buildPhases = (
				1DF30DC14E2F6AA58A91B7F6 /* [CP] Check Pods Manifest.lock */,
				CB84E2EE1E1098E6005A0A6B /* Sources */,
				CB84E2EF1E1098E6005A0A6B /* Frameworks */,
				CB84E2F01E1098E6005A0A6B /* Resources */,
				294C60029D9F141965FC865B /* [CP] Copy Pods Resources */,
			);
			buildRules = (
			);
			dependencies = (
			);
			name = SCFilterControlProvider;
			productName = SCFilterControlProvider;
			productReference = CB84E2F21E1098E6005A0A6B /* SCFilterControlProvider.appex */;
			productType = "com.apple.product-type.app-extension";
		};
		CB93D1A61E0F216700CE0571 /* SelfControlIOS */ = {
			isa = PBXNativeTarget;
			buildConfigurationList = CB93D1D11E0F216800CE0571 /* Build configuration list for PBXNativeTarget "SelfControlIOS" */;
			buildPhases = (
				11A4517F76BAD032DC80D9E7 /* [CP] Check Pods Manifest.lock */,
				CB93D1A31E0F216700CE0571 /* Sources */,
				CB93D1A41E0F216700CE0571 /* Frameworks */,
				CB93D1A51E0F216700CE0571 /* Resources */,
				CB84E2DC1E1097C0005A0A6B /* Embed App Extensions */,
				B6893F15863842B6620D2323 /* [CP] Embed Pods Frameworks */,
				D7B6F01B87F9A89AC7FB303A /* [CP] Copy Pods Resources */,
			);
			buildRules = (
			);
			dependencies = (
				CB84E2E91E109803005A0A6B /* PBXTargetDependency */,
				CB84E2FA1E1098E6005A0A6B /* PBXTargetDependency */,
			);
			name = SelfControlIOS;
			productName = SelfControlIOS;
			productReference = CB93D1A71E0F216700CE0571 /* SelfControlIOS.app */;
			productType = "com.apple.product-type.application";
		};
		CB93D1BC1E0F216700CE0571 /* SelfControlIOSTests */ = {
			isa = PBXNativeTarget;
			buildConfigurationList = CB93D1D41E0F216800CE0571 /* Build configuration list for PBXNativeTarget "SelfControlIOSTests" */;
			buildPhases = (
				936EFFBF62F8C63D1B12824C /* [CP] Check Pods Manifest.lock */,
				CB93D1B91E0F216700CE0571 /* Sources */,
				CB93D1BA1E0F216700CE0571 /* Frameworks */,
				CB93D1BB1E0F216700CE0571 /* Resources */,
				7A99CBDF6DBA9394F606A29B /* [CP] Embed Pods Frameworks */,
				9888E9C1FC69A04C5997C1B6 /* [CP] Copy Pods Resources */,
			);
			buildRules = (
			);
			dependencies = (
				CB93D1BF1E0F216700CE0571 /* PBXTargetDependency */,
			);
			name = SelfControlIOSTests;
			productName = SelfControlIOSTests;
			productReference = CB93D1BD1E0F216700CE0571 /* SelfControlIOSTests.xctest */;
			productType = "com.apple.product-type.bundle.unit-test";
		};
		CB93D1C71E0F216800CE0571 /* SelfControlIOSUITests */ = {
			isa = PBXNativeTarget;
			buildConfigurationList = CB93D1D71E0F216800CE0571 /* Build configuration list for PBXNativeTarget "SelfControlIOSUITests" */;
			buildPhases = (
				AA6F0CEE414369FEAC2B4C10 /* [CP] Check Pods Manifest.lock */,
				CB93D1C41E0F216800CE0571 /* Sources */,
				CB93D1C51E0F216800CE0571 /* Frameworks */,
				CB93D1C61E0F216800CE0571 /* Resources */,
				05852FFC7905D9B82CC5FA6D /* [CP] Embed Pods Frameworks */,
				2B255553A009C14B14FCF833 /* [CP] Copy Pods Resources */,
			);
			buildRules = (
			);
			dependencies = (
				CB93D1CA1E0F216800CE0571 /* PBXTargetDependency */,
			);
			name = SelfControlIOSUITests;
			productName = SelfControlIOSUITests;
			productReference = CB93D1C81E0F216800CE0571 /* SelfControlIOSUITests.xctest */;
			productType = "com.apple.product-type.bundle.ui-testing";
		};
/* End PBXNativeTarget section */

/* Begin PBXProject section */
		CB93D19F1E0F216700CE0571 /* Project object */ = {
			isa = PBXProject;
			attributes = {
				LastSwiftUpdateCheck = 0820;
				LastUpgradeCheck = 0820;
				ORGANIZATIONNAME = SelfControl;
				TargetAttributes = {
					CB84E2E01E109803005A0A6B = {
						CreatedOnToolsVersion = 8.2.1;
						DevelopmentTeam = L6W5L88KN7;
						LastSwiftMigration = 0820;
						ProvisioningStyle = Manual;
						SystemCapabilities = {
							com.apple.ApplicationGroups.iOS = {
								enabled = 1;
							};
						};
					};
					CB84E2F11E1098E6005A0A6B = {
						CreatedOnToolsVersion = 8.2.1;
						DevelopmentTeam = L6W5L88KN7;
						LastSwiftMigration = 0820;
						ProvisioningStyle = Manual;
						SystemCapabilities = {
							com.apple.ApplicationGroups.iOS = {
								enabled = 1;
							};
						};
					};
					CB93D1A61E0F216700CE0571 = {
						CreatedOnToolsVersion = 8.2.1;
						DevelopmentTeam = L6W5L88KN7;
						LastSwiftMigration = 0820;
						ProvisioningStyle = Manual;
						SystemCapabilities = {
							com.apple.ApplicationGroups.iOS = {
								enabled = 1;
							};
						};
					};
					CB93D1BC1E0F216700CE0571 = {
						CreatedOnToolsVersion = 8.2.1;
						ProvisioningStyle = Manual;
						TestTargetID = CB93D1A61E0F216700CE0571;
					};
					CB93D1C71E0F216800CE0571 = {
						CreatedOnToolsVersion = 8.2.1;
						ProvisioningStyle = Manual;
						TestTargetID = CB93D1A61E0F216700CE0571;
					};
				};
			};
			buildConfigurationList = CB93D1A21E0F216700CE0571 /* Build configuration list for PBXProject "SelfControlIOS" */;
			compatibilityVersion = "Xcode 3.2";
			developmentRegion = English;
			hasScannedForEncodings = 0;
			knownRegions = (
				en,
				Base,
				de,
				es,
				fa,
				fr,
				it,
				ja,
				ko,
				nl,
				pt,
				pt_BR,
				sv,
				tr,
				"zh-Hans",
				"pt-BR",
			);
			mainGroup = CB93D19E1E0F216700CE0571;
			productRefGroup = CB93D1A81E0F216700CE0571 /* Products */;
			projectDirPath = "";
			projectRoot = "";
			targets = (
				CB93D1A61E0F216700CE0571 /* SelfControlIOS */,
				CB93D1BC1E0F216700CE0571 /* SelfControlIOSTests */,
				CB93D1C71E0F216800CE0571 /* SelfControlIOSUITests */,
				CB84E2E01E109803005A0A6B /* SCFilterDataProvider */,
				CB84E2F11E1098E6005A0A6B /* SCFilterControlProvider */,
			);
		};
/* End PBXProject section */

/* Begin PBXResourcesBuildPhase section */
		CB84E2DF1E109803005A0A6B /* Resources */ = {
			isa = PBXResourcesBuildPhase;
			buildActionMask = 2147483647;
			files = (
				CB84E30B1E109A90005A0A6B /* Info.plist in Resources */,
			);
			runOnlyForDeploymentPostprocessing = 0;
		};
		CB84E2F01E1098E6005A0A6B /* Resources */ = {
			isa = PBXResourcesBuildPhase;
			buildActionMask = 2147483647;
			files = (
				CB84E3101E109AB5005A0A6B /* Info.plist in Resources */,
			);
			runOnlyForDeploymentPostprocessing = 0;
		};
		CB93D1A51E0F216700CE0571 /* Resources */ = {
			isa = PBXResourcesBuildPhase;
			buildActionMask = 2147483647;
			files = (
				CB93D1B71E0F216700CE0571 /* LaunchScreen.storyboard in Resources */,
				CB93D1B41E0F216700CE0571 /* Assets.xcassets in Resources */,
			);
			runOnlyForDeploymentPostprocessing = 0;
		};
		CB93D1BB1E0F216700CE0571 /* Resources */ = {
			isa = PBXResourcesBuildPhase;
			buildActionMask = 2147483647;
			files = (
			);
			runOnlyForDeploymentPostprocessing = 0;
		};
		CB93D1C61E0F216800CE0571 /* Resources */ = {
			isa = PBXResourcesBuildPhase;
			buildActionMask = 2147483647;
			files = (
			);
			runOnlyForDeploymentPostprocessing = 0;
		};
/* End PBXResourcesBuildPhase section */

/* Begin PBXShellScriptBuildPhase section */
		05852FFC7905D9B82CC5FA6D /* [CP] Embed Pods Frameworks */ = {
			isa = PBXShellScriptBuildPhase;
			buildActionMask = 2147483647;
			files = (
			);
			inputPaths = (
			);
			name = "[CP] Embed Pods Frameworks";
			outputPaths = (
			);
			runOnlyForDeploymentPostprocessing = 0;
			shellPath = /bin/sh;
			shellScript = "\"${SRCROOT}/Pods/Target Support Files/Pods-SelfControlIOSUITests/Pods-SelfControlIOSUITests-frameworks.sh\"\n";
			showEnvVarsInLog = 0;
		};
		11A4517F76BAD032DC80D9E7 /* [CP] Check Pods Manifest.lock */ = {
			isa = PBXShellScriptBuildPhase;
			buildActionMask = 2147483647;
			files = (
			);
			inputPaths = (
			);
			name = "[CP] Check Pods Manifest.lock";
			outputPaths = (
			);
			runOnlyForDeploymentPostprocessing = 0;
			shellPath = /bin/sh;
			shellScript = "diff \"${PODS_ROOT}/../Podfile.lock\" \"${PODS_ROOT}/Manifest.lock\" > /dev/null\nif [ $? != 0 ] ; then\n    # print error to STDERR\n    echo \"error: The sandbox is not in sync with the Podfile.lock. Run 'pod install' or update your CocoaPods installation.\" >&2\n    exit 1\nfi\n";
			showEnvVarsInLog = 0;
		};
		1DF30DC14E2F6AA58A91B7F6 /* [CP] Check Pods Manifest.lock */ = {
			isa = PBXShellScriptBuildPhase;
			buildActionMask = 2147483647;
			files = (
			);
			inputPaths = (
			);
			name = "[CP] Check Pods Manifest.lock";
			outputPaths = (
			);
			runOnlyForDeploymentPostprocessing = 0;
			shellPath = /bin/sh;
			shellScript = "diff \"${PODS_ROOT}/../Podfile.lock\" \"${PODS_ROOT}/Manifest.lock\" > /dev/null\nif [ $? != 0 ] ; then\n    # print error to STDERR\n    echo \"error: The sandbox is not in sync with the Podfile.lock. Run 'pod install' or update your CocoaPods installation.\" >&2\n    exit 1\nfi\n";
			showEnvVarsInLog = 0;
		};
		294C60029D9F141965FC865B /* [CP] Copy Pods Resources */ = {
			isa = PBXShellScriptBuildPhase;
			buildActionMask = 2147483647;
			files = (
			);
			inputPaths = (
			);
			name = "[CP] Copy Pods Resources";
			outputPaths = (
			);
			runOnlyForDeploymentPostprocessing = 0;
			shellPath = /bin/sh;
			shellScript = "\"${SRCROOT}/Pods/Target Support Files/Pods-SCFilterControlProvider/Pods-SCFilterControlProvider-resources.sh\"\n";
			showEnvVarsInLog = 0;
		};
		2B255553A009C14B14FCF833 /* [CP] Copy Pods Resources */ = {
			isa = PBXShellScriptBuildPhase;
			buildActionMask = 2147483647;
			files = (
			);
			inputPaths = (
			);
			name = "[CP] Copy Pods Resources";
			outputPaths = (
			);
			runOnlyForDeploymentPostprocessing = 0;
			shellPath = /bin/sh;
			shellScript = "\"${SRCROOT}/Pods/Target Support Files/Pods-SelfControlIOSUITests/Pods-SelfControlIOSUITests-resources.sh\"\n";
			showEnvVarsInLog = 0;
		};
		6283E943482B93A9B0951536 /* [CP] Check Pods Manifest.lock */ = {
			isa = PBXShellScriptBuildPhase;
			buildActionMask = 2147483647;
			files = (
			);
			inputPaths = (
			);
			name = "[CP] Check Pods Manifest.lock";
			outputPaths = (
			);
			runOnlyForDeploymentPostprocessing = 0;
			shellPath = /bin/sh;
			shellScript = "diff \"${PODS_ROOT}/../Podfile.lock\" \"${PODS_ROOT}/Manifest.lock\" > /dev/null\nif [ $? != 0 ] ; then\n    # print error to STDERR\n    echo \"error: The sandbox is not in sync with the Podfile.lock. Run 'pod install' or update your CocoaPods installation.\" >&2\n    exit 1\nfi\n";
			showEnvVarsInLog = 0;
		};
		7A99CBDF6DBA9394F606A29B /* [CP] Embed Pods Frameworks */ = {
			isa = PBXShellScriptBuildPhase;
			buildActionMask = 2147483647;
			files = (
			);
			inputPaths = (
			);
			name = "[CP] Embed Pods Frameworks";
			outputPaths = (
			);
			runOnlyForDeploymentPostprocessing = 0;
			shellPath = /bin/sh;
			shellScript = "\"${SRCROOT}/Pods/Target Support Files/Pods-SelfControlIOSTests/Pods-SelfControlIOSTests-frameworks.sh\"\n";
			showEnvVarsInLog = 0;
		};
		936EFFBF62F8C63D1B12824C /* [CP] Check Pods Manifest.lock */ = {
			isa = PBXShellScriptBuildPhase;
			buildActionMask = 2147483647;
			files = (
			);
			inputPaths = (
			);
			name = "[CP] Check Pods Manifest.lock";
			outputPaths = (
			);
			runOnlyForDeploymentPostprocessing = 0;
			shellPath = /bin/sh;
			shellScript = "diff \"${PODS_ROOT}/../Podfile.lock\" \"${PODS_ROOT}/Manifest.lock\" > /dev/null\nif [ $? != 0 ] ; then\n    # print error to STDERR\n    echo \"error: The sandbox is not in sync with the Podfile.lock. Run 'pod install' or update your CocoaPods installation.\" >&2\n    exit 1\nfi\n";
			showEnvVarsInLog = 0;
		};
		9888E9C1FC69A04C5997C1B6 /* [CP] Copy Pods Resources */ = {
			isa = PBXShellScriptBuildPhase;
			buildActionMask = 2147483647;
			files = (
			);
			inputPaths = (
			);
			name = "[CP] Copy Pods Resources";
			outputPaths = (
			);
			runOnlyForDeploymentPostprocessing = 0;
			shellPath = /bin/sh;
			shellScript = "\"${SRCROOT}/Pods/Target Support Files/Pods-SelfControlIOSTests/Pods-SelfControlIOSTests-resources.sh\"\n";
			showEnvVarsInLog = 0;
		};
		AA6F0CEE414369FEAC2B4C10 /* [CP] Check Pods Manifest.lock */ = {
			isa = PBXShellScriptBuildPhase;
			buildActionMask = 2147483647;
			files = (
			);
			inputPaths = (
			);
			name = "[CP] Check Pods Manifest.lock";
			outputPaths = (
			);
			runOnlyForDeploymentPostprocessing = 0;
			shellPath = /bin/sh;
			shellScript = "diff \"${PODS_ROOT}/../Podfile.lock\" \"${PODS_ROOT}/Manifest.lock\" > /dev/null\nif [ $? != 0 ] ; then\n    # print error to STDERR\n    echo \"error: The sandbox is not in sync with the Podfile.lock. Run 'pod install' or update your CocoaPods installation.\" >&2\n    exit 1\nfi\n";
			showEnvVarsInLog = 0;
		};
		B6893F15863842B6620D2323 /* [CP] Embed Pods Frameworks */ = {
			isa = PBXShellScriptBuildPhase;
			buildActionMask = 2147483647;
			files = (
			);
			inputPaths = (
			);
			name = "[CP] Embed Pods Frameworks";
			outputPaths = (
			);
			runOnlyForDeploymentPostprocessing = 0;
			shellPath = /bin/sh;
			shellScript = "\"${SRCROOT}/Pods/Target Support Files/Pods-SelfControlIOS/Pods-SelfControlIOS-frameworks.sh\"\n";
			showEnvVarsInLog = 0;
		};
		D7B6F01B87F9A89AC7FB303A /* [CP] Copy Pods Resources */ = {
			isa = PBXShellScriptBuildPhase;
			buildActionMask = 2147483647;
			files = (
			);
			inputPaths = (
			);
			name = "[CP] Copy Pods Resources";
			outputPaths = (
			);
			runOnlyForDeploymentPostprocessing = 0;
			shellPath = /bin/sh;
			shellScript = "\"${SRCROOT}/Pods/Target Support Files/Pods-SelfControlIOS/Pods-SelfControlIOS-resources.sh\"\n";
			showEnvVarsInLog = 0;
		};
		DB00D4803073252239957013 /* [CP] Copy Pods Resources */ = {
			isa = PBXShellScriptBuildPhase;
			buildActionMask = 2147483647;
			files = (
			);
			inputPaths = (
			);
			name = "[CP] Copy Pods Resources";
			outputPaths = (
			);
			runOnlyForDeploymentPostprocessing = 0;
			shellPath = /bin/sh;
			shellScript = "\"${SRCROOT}/Pods/Target Support Files/Pods-SCFilterDataProvider/Pods-SCFilterDataProvider-resources.sh\"\n";
			showEnvVarsInLog = 0;
		};
/* End PBXShellScriptBuildPhase section */

/* Begin PBXSourcesBuildPhase section */
		CB84E2DD1E109803005A0A6B /* Sources */ = {
			isa = PBXSourcesBuildPhase;
			buildActionMask = 2147483647;
			files = (
				CB84E3131E10AAB6005A0A6B /* FilterUtilities.swift in Sources */,
				CBF188E11E62AEAF008EFB00 /* SCBlockRule.m in Sources */,
				CB84E3081E109A59005A0A6B /* DataExtension.swift in Sources */,
				CB0E6AA21EC1982A003CA02B /* SCUtils.m in Sources */,
			);
			runOnlyForDeploymentPostprocessing = 0;
		};
		CB84E2EE1E1098E6005A0A6B /* Sources */ = {
			isa = PBXSourcesBuildPhase;
			buildActionMask = 2147483647;
			files = (
				CB84E3141E10AAB7005A0A6B /* FilterUtilities.swift in Sources */,
				CBF188E21E62AEB0008EFB00 /* SCBlockRule.m in Sources */,
				CB84E30F1E109AB5005A0A6B /* ControlExtension.swift in Sources */,
				CB0E6AA31EC1982A003CA02B /* SCUtils.m in Sources */,
			);
			runOnlyForDeploymentPostprocessing = 0;
		};
		CB93D1A31E0F216700CE0571 /* Sources */ = {
			isa = PBXSourcesBuildPhase;
			buildActionMask = 2147483647;
			files = (
				CBCFC6131F0C330F00F11008 /* SCImportSitesViewController.m in Sources */,
				CBF188E51E62BA23008EFB00 /* SCBlockRuleTableViewCell.m in Sources */,
				CBF188E01E62AC83008EFB00 /* SCBlockRule.m in Sources */,
				CB84E3121E10AA83005A0A6B /* FilterUtilities.swift in Sources */,
				CBF188D71E629D03008EFB00 /* SCTimerViewController.m in Sources */,
				CBF188D41E629CAC008EFB00 /* SCBlockListViewController.m in Sources */,
				CB0A89491F08357200F2A352 /* SCTimeIntervalFormatter.m in Sources */,
				CB0A894D1F08399500F2A352 /* SCAlertFactory.m in Sources */,
				CBF188CB1E6299F0008EFB00 /* main.m in Sources */,
				CBF188DA1E629D16008EFB00 /* SCMainViewController.m in Sources */,
				CB0E6AA11EC19759003CA02B /* SCUtils.m in Sources */,
				CBF188CE1E629A3B008EFB00 /* SCAppDelegate.m in Sources */,
				CBF188D11E629B5A008EFB00 /* SCStartViewController.m in Sources */,
				CBF188DD1E62AAB4008EFB00 /* SCBlockManager.m in Sources */,
			);
			runOnlyForDeploymentPostprocessing = 0;
		};
		CB93D1B91E0F216700CE0571 /* Sources */ = {
			isa = PBXSourcesBuildPhase;
			buildActionMask = 2147483647;
			files = (
				CB93D1C21E0F216800CE0571 /* SelfControlIOSTests.swift in Sources */,
			);
			runOnlyForDeploymentPostprocessing = 0;
		};
		CB93D1C41E0F216800CE0571 /* Sources */ = {
			isa = PBXSourcesBuildPhase;
			buildActionMask = 2147483647;
			files = (
				CB93D1CD1E0F216800CE0571 /* SelfControlIOSUITests.swift in Sources */,
			);
			runOnlyForDeploymentPostprocessing = 0;
		};
/* End PBXSourcesBuildPhase section */

/* Begin PBXTargetDependency section */
		CB84E2E91E109803005A0A6B /* PBXTargetDependency */ = {
			isa = PBXTargetDependency;
			target = CB84E2E01E109803005A0A6B /* SCFilterDataProvider */;
			targetProxy = CB84E2E81E109803005A0A6B /* PBXContainerItemProxy */;
		};
		CB84E2FA1E1098E6005A0A6B /* PBXTargetDependency */ = {
			isa = PBXTargetDependency;
			target = CB84E2F11E1098E6005A0A6B /* SCFilterControlProvider */;
			targetProxy = CB84E2F91E1098E6005A0A6B /* PBXContainerItemProxy */;
		};
		CB93D1BF1E0F216700CE0571 /* PBXTargetDependency */ = {
			isa = PBXTargetDependency;
			target = CB93D1A61E0F216700CE0571 /* SelfControlIOS */;
			targetProxy = CB93D1BE1E0F216700CE0571 /* PBXContainerItemProxy */;
		};
		CB93D1CA1E0F216800CE0571 /* PBXTargetDependency */ = {
			isa = PBXTargetDependency;
			target = CB93D1A61E0F216700CE0571 /* SelfControlIOS */;
			targetProxy = CB93D1C91E0F216800CE0571 /* PBXContainerItemProxy */;
		};
/* End PBXTargetDependency section */

/* Begin PBXVariantGroup section */
		CB93D1B51E0F216700CE0571 /* LaunchScreen.storyboard */ = {
			isa = PBXVariantGroup;
			children = (
				CB93D1B61E0F216700CE0571 /* Base */,
			);
			name = LaunchScreen.storyboard;
			sourceTree = "<group>";
		};
/* End PBXVariantGroup section */

/* Begin XCBuildConfiguration section */
		CB84E2EC1E109803005A0A6B /* Debug */ = {
			isa = XCBuildConfiguration;
			baseConfigurationReference = 1D27F7BB3D2352173FDAAA96 /* Pods-SCFilterDataProvider.debug.xcconfig */;
			buildSettings = {
				ARCHS = "$(ARCHS_STANDARD_64_BIT)";
				CLANG_ENABLE_MODULES = YES;
				CODE_SIGN_ENTITLEMENTS = SCFilterDataProvider/SCFilterDataProvider.entitlements;
				DEVELOPMENT_TEAM = L6W5L88KN7;
				INFOPLIST_FILE = SCFilterDataProvider/Info.plist;
				LD_RUNPATH_SEARCH_PATHS = "$(inherited) @executable_path/Frameworks @executable_path/../../Frameworks";
				PRODUCT_BUNDLE_IDENTIFIER = com.selfcontrolapp.SelfControlIOS.SCFilterDataProvider;
				PRODUCT_NAME = "$(TARGET_NAME)";
				PROVISIONING_PROFILE = "0d7ff597-ff57-4393-a5f2-bf1805b593c0";
				PROVISIONING_PROFILE_SPECIFIER = "SC iOS Dev (Filter Data Provider)";
				SKIP_INSTALL = YES;
				SWIFT_OBJC_BRIDGING_HEADER = "SelfControlIOS/SelfControlIOS-Bridging-Header.h";
				SWIFT_OPTIMIZATION_LEVEL = "-Onone";
				SWIFT_VERSION = 3.0;
				TARGETED_DEVICE_FAMILY = "1,2";
			};
			name = Debug;
		};
		CB84E2ED1E109803005A0A6B /* Release */ = {
			isa = XCBuildConfiguration;
			baseConfigurationReference = C71BD1CBC762FFF03C7DF4E8 /* Pods-SCFilterDataProvider.release.xcconfig */;
			buildSettings = {
				ARCHS = "$(ARCHS_STANDARD_64_BIT)";
				CLANG_ENABLE_MODULES = YES;
				CODE_SIGN_ENTITLEMENTS = SCFilterDataProvider/SCFilterDataProvider.entitlements;
				DEVELOPMENT_TEAM = L6W5L88KN7;
				INFOPLIST_FILE = SCFilterDataProvider/Info.plist;
				LD_RUNPATH_SEARCH_PATHS = "$(inherited) @executable_path/Frameworks @executable_path/../../Frameworks";
				PRODUCT_BUNDLE_IDENTIFIER = com.selfcontrolapp.SelfControlIOS.SCFilterDataProvider;
				PRODUCT_NAME = "$(TARGET_NAME)";
				PROVISIONING_PROFILE = "0d7ff597-ff57-4393-a5f2-bf1805b593c0";
				PROVISIONING_PROFILE_SPECIFIER = "SC iOS Dev (Filter Data Provider)";
				SKIP_INSTALL = YES;
				SWIFT_OBJC_BRIDGING_HEADER = "SelfControlIOS/SelfControlIOS-Bridging-Header.h";
				SWIFT_VERSION = 3.0;
				TARGETED_DEVICE_FAMILY = "1,2";
			};
			name = Release;
		};
		CB84E2FD1E1098E6005A0A6B /* Debug */ = {
			isa = XCBuildConfiguration;
			baseConfigurationReference = A92079944857ED4CFFCC835E /* Pods-SCFilterControlProvider.debug.xcconfig */;
			buildSettings = {
				ARCHS = "$(ARCHS_STANDARD_64_BIT)";
				CLANG_ENABLE_MODULES = YES;
				CODE_SIGN_ENTITLEMENTS = SCFilterControlProvider/SCFilterControlProvider.entitlements;
				DEVELOPMENT_TEAM = L6W5L88KN7;
				INFOPLIST_FILE = SCFilterControlProvider/Info.plist;
				LD_RUNPATH_SEARCH_PATHS = "$(inherited) @executable_path/Frameworks @executable_path/../../Frameworks";
				PRODUCT_BUNDLE_IDENTIFIER = com.selfcontrolapp.SelfControlIOS.SCFilterControlProvider;
				PRODUCT_NAME = "$(TARGET_NAME)";
				PROVISIONING_PROFILE = "8871c112-fd05-4c21-9661-0f6c1d33019b";
				PROVISIONING_PROFILE_SPECIFIER = "SC iOS Dev (Filter Control Provider)";
				SKIP_INSTALL = YES;
				SWIFT_OBJC_BRIDGING_HEADER = "SelfControlIOS/SelfControlIOS-Bridging-Header.h";
				SWIFT_OPTIMIZATION_LEVEL = "-Onone";
				SWIFT_VERSION = 3.0;
			};
			name = Debug;
		};
		CB84E2FE1E1098E6005A0A6B /* Release */ = {
			isa = XCBuildConfiguration;
			baseConfigurationReference = C21782EE3B920946130B3C63 /* Pods-SCFilterControlProvider.release.xcconfig */;
			buildSettings = {
				ARCHS = "$(ARCHS_STANDARD_64_BIT)";
				CLANG_ENABLE_MODULES = YES;
				CODE_SIGN_ENTITLEMENTS = SCFilterControlProvider/SCFilterControlProvider.entitlements;
				DEVELOPMENT_TEAM = L6W5L88KN7;
				INFOPLIST_FILE = SCFilterControlProvider/Info.plist;
				LD_RUNPATH_SEARCH_PATHS = "$(inherited) @executable_path/Frameworks @executable_path/../../Frameworks";
				PRODUCT_BUNDLE_IDENTIFIER = com.selfcontrolapp.SelfControlIOS.SCFilterControlProvider;
				PRODUCT_NAME = "$(TARGET_NAME)";
				PROVISIONING_PROFILE = "8871c112-fd05-4c21-9661-0f6c1d33019b";
				PROVISIONING_PROFILE_SPECIFIER = "SC iOS Dev (Filter Control Provider)";
				SKIP_INSTALL = YES;
				SWIFT_OBJC_BRIDGING_HEADER = "SelfControlIOS/SelfControlIOS-Bridging-Header.h";
				SWIFT_VERSION = 3.0;
			};
			name = Release;
		};
		CB93D1CF1E0F216800CE0571 /* Debug */ = {
			isa = XCBuildConfiguration;
			buildSettings = {
				ALWAYS_SEARCH_USER_PATHS = NO;
				CLANG_ANALYZER_NONNULL = YES;
				CLANG_CXX_LANGUAGE_STANDARD = "gnu++0x";
				CLANG_CXX_LIBRARY = "libc++";
				CLANG_ENABLE_MODULES = YES;
				CLANG_ENABLE_OBJC_ARC = YES;
				CLANG_WARN_BOOL_CONVERSION = YES;
				CLANG_WARN_CONSTANT_CONVERSION = YES;
				CLANG_WARN_DIRECT_OBJC_ISA_USAGE = YES_ERROR;
				CLANG_WARN_DOCUMENTATION_COMMENTS = YES;
				CLANG_WARN_EMPTY_BODY = YES;
				CLANG_WARN_ENUM_CONVERSION = YES;
				CLANG_WARN_INFINITE_RECURSION = YES;
				CLANG_WARN_INT_CONVERSION = YES;
				CLANG_WARN_OBJC_ROOT_CLASS = YES_ERROR;
				CLANG_WARN_SUSPICIOUS_MOVE = YES;
				CLANG_WARN_UNREACHABLE_CODE = YES;
				CLANG_WARN__DUPLICATE_METHOD_MATCH = YES;
				CODE_SIGN_IDENTITY = "iPhone Developer";
				"CODE_SIGN_IDENTITY[sdk=iphoneos*]" = "iPhone Developer";
				COPY_PHASE_STRIP = NO;
				DEBUG_INFORMATION_FORMAT = dwarf;
				DEVELOPMENT_TEAM = L6W5L88KN7;
				ENABLE_STRICT_OBJC_MSGSEND = YES;
				ENABLE_TESTABILITY = YES;
				GCC_C_LANGUAGE_STANDARD = gnu99;
				GCC_DYNAMIC_NO_PIC = NO;
				GCC_NO_COMMON_BLOCKS = YES;
				GCC_OPTIMIZATION_LEVEL = 0;
				GCC_PREPROCESSOR_DEFINITIONS = (
					"DEBUG=1",
					"$(inherited)",
				);
				GCC_WARN_64_TO_32_BIT_CONVERSION = YES;
				GCC_WARN_ABOUT_RETURN_TYPE = YES_ERROR;
				GCC_WARN_UNDECLARED_SELECTOR = YES;
				GCC_WARN_UNINITIALIZED_AUTOS = YES_AGGRESSIVE;
				GCC_WARN_UNUSED_FUNCTION = YES;
				GCC_WARN_UNUSED_VARIABLE = YES;
				IPHONEOS_DEPLOYMENT_TARGET = 11.0;
				MTL_ENABLE_DEBUG_INFO = YES;
				ONLY_ACTIVE_ARCH = YES;
				PROVISIONING_PROFILE_SPECIFIER = "2995c6cf-4d42-4367-a9aa-265f5a8447c9";
				SDKROOT = iphoneos;
				SWIFT_ACTIVE_COMPILATION_CONDITIONS = DEBUG;
				SWIFT_OPTIMIZATION_LEVEL = "-Onone";
				TARGETED_DEVICE_FAMILY = "1,2";
			};
			name = Debug;
		};
		CB93D1D01E0F216800CE0571 /* Release */ = {
			isa = XCBuildConfiguration;
			buildSettings = {
				ALWAYS_SEARCH_USER_PATHS = NO;
				CLANG_ANALYZER_NONNULL = YES;
				CLANG_CXX_LANGUAGE_STANDARD = "gnu++0x";
				CLANG_CXX_LIBRARY = "libc++";
				CLANG_ENABLE_MODULES = YES;
				CLANG_ENABLE_OBJC_ARC = YES;
				CLANG_WARN_BOOL_CONVERSION = YES;
				CLANG_WARN_CONSTANT_CONVERSION = YES;
				CLANG_WARN_DIRECT_OBJC_ISA_USAGE = YES_ERROR;
				CLANG_WARN_DOCUMENTATION_COMMENTS = YES;
				CLANG_WARN_EMPTY_BODY = YES;
				CLANG_WARN_ENUM_CONVERSION = YES;
				CLANG_WARN_INFINITE_RECURSION = YES;
				CLANG_WARN_INT_CONVERSION = YES;
				CLANG_WARN_OBJC_ROOT_CLASS = YES_ERROR;
				CLANG_WARN_SUSPICIOUS_MOVE = YES;
				CLANG_WARN_UNREACHABLE_CODE = YES;
				CLANG_WARN__DUPLICATE_METHOD_MATCH = YES;
				CODE_SIGN_IDENTITY = "iPhone Developer";
				"CODE_SIGN_IDENTITY[sdk=iphoneos*]" = "iPhone Developer";
				COPY_PHASE_STRIP = NO;
				DEBUG_INFORMATION_FORMAT = "dwarf-with-dsym";
				DEVELOPMENT_TEAM = L6W5L88KN7;
				ENABLE_NS_ASSERTIONS = NO;
				ENABLE_STRICT_OBJC_MSGSEND = YES;
				GCC_C_LANGUAGE_STANDARD = gnu99;
				GCC_NO_COMMON_BLOCKS = YES;
				GCC_WARN_64_TO_32_BIT_CONVERSION = YES;
				GCC_WARN_ABOUT_RETURN_TYPE = YES_ERROR;
				GCC_WARN_UNDECLARED_SELECTOR = YES;
				GCC_WARN_UNINITIALIZED_AUTOS = YES_AGGRESSIVE;
				GCC_WARN_UNUSED_FUNCTION = YES;
				GCC_WARN_UNUSED_VARIABLE = YES;
				IPHONEOS_DEPLOYMENT_TARGET = 11.0;
				MTL_ENABLE_DEBUG_INFO = NO;
				PROVISIONING_PROFILE_SPECIFIER = "2995c6cf-4d42-4367-a9aa-265f5a8447c9";
				SDKROOT = iphoneos;
				SWIFT_OPTIMIZATION_LEVEL = "-Owholemodule";
				TARGETED_DEVICE_FAMILY = "1,2";
				VALIDATE_PRODUCT = YES;
			};
			name = Release;
		};
		CB93D1D21E0F216800CE0571 /* Debug */ = {
			isa = XCBuildConfiguration;
			baseConfigurationReference = 8C69D7AC2265A2B968A6F971 /* Pods-SelfControlIOS.debug.xcconfig */;
			buildSettings = {
				ALWAYS_EMBED_SWIFT_STANDARD_LIBRARIES = "$(inherited)";
				ASSETCATALOG_COMPILER_APPICON_NAME = AppIcon;
				CLANG_ENABLE_MODULES = YES;
				CODE_SIGN_ENTITLEMENTS = SelfControlIOS/SelfControlIOS.entitlements;
				DEVELOPMENT_TEAM = L6W5L88KN7;
				FRAMEWORK_SEARCH_PATHS = (
					"$(inherited)",
					"$(PROJECT_DIR)/SelfControlIOS/selfcontrol/Pods/Sparkle",
				);
				INFOPLIST_FILE = SelfControlIOS/Info.plist;
				LD_RUNPATH_SEARCH_PATHS = "$(inherited) @executable_path/Frameworks";
				PRODUCT_BUNDLE_IDENTIFIER = com.selfcontrolapp.SelfControlIOS;
				PRODUCT_NAME = "$(TARGET_NAME)";
				PROVISIONING_PROFILE = "66df3e32-b973-4f5b-9561-c3cb4d0b3d7a";
				PROVISIONING_PROFILE_SPECIFIER = "SC iOS Dev";
				SWIFT_OBJC_BRIDGING_HEADER = "SelfControlIOS/SelfControlIOS-Bridging-Header.h";
				SWIFT_OPTIMIZATION_LEVEL = "-Onone";
				SWIFT_VERSION = 3.0;
			};
			name = Debug;
		};
		CB93D1D31E0F216800CE0571 /* Release */ = {
			isa = XCBuildConfiguration;
			baseConfigurationReference = 0CCCBAD2E791E83DCB010F17 /* Pods-SelfControlIOS.release.xcconfig */;
			buildSettings = {
				ALWAYS_EMBED_SWIFT_STANDARD_LIBRARIES = "$(inherited)";
				ASSETCATALOG_COMPILER_APPICON_NAME = AppIcon;
				CLANG_ENABLE_MODULES = YES;
				CODE_SIGN_ENTITLEMENTS = SelfControlIOS/SelfControlIOS.entitlements;
				DEVELOPMENT_TEAM = L6W5L88KN7;
				FRAMEWORK_SEARCH_PATHS = (
					"$(inherited)",
					"$(PROJECT_DIR)/SelfControlIOS/selfcontrol/Pods/Sparkle",
				);
				INFOPLIST_FILE = SelfControlIOS/Info.plist;
				LD_RUNPATH_SEARCH_PATHS = "$(inherited) @executable_path/Frameworks";
				PRODUCT_BUNDLE_IDENTIFIER = com.selfcontrolapp.SelfControlIOS;
				PRODUCT_NAME = "$(TARGET_NAME)";
				PROVISIONING_PROFILE = "66df3e32-b973-4f5b-9561-c3cb4d0b3d7a";
				PROVISIONING_PROFILE_SPECIFIER = "SC iOS Dev";
				SWIFT_OBJC_BRIDGING_HEADER = "SelfControlIOS/SelfControlIOS-Bridging-Header.h";
				SWIFT_VERSION = 3.0;
			};
			name = Release;
		};
		CB93D1D51E0F216800CE0571 /* Debug */ = {
			isa = XCBuildConfiguration;
			baseConfigurationReference = 566C8456F9D849DB0E53A88F /* Pods-SelfControlIOSTests.debug.xcconfig */;
			buildSettings = {
				ALWAYS_EMBED_SWIFT_STANDARD_LIBRARIES = YES;
				BUNDLE_LOADER = "$(TEST_HOST)";
				DEVELOPMENT_TEAM = "";
				INFOPLIST_FILE = SelfControlIOSTests/Info.plist;
				LD_RUNPATH_SEARCH_PATHS = "$(inherited) @executable_path/Frameworks @loader_path/Frameworks";
				PRODUCT_BUNDLE_IDENTIFIER = com.selfcontrolapp.SelfControlIOSTests;
				PRODUCT_NAME = "$(TARGET_NAME)";
				PROVISIONING_PROFILE_SPECIFIER = "";
				SWIFT_VERSION = 3.0;
				TEST_HOST = "$(BUILT_PRODUCTS_DIR)/SelfControlIOS.app/SelfControlIOS";
			};
			name = Debug;
		};
		CB93D1D61E0F216800CE0571 /* Release */ = {
			isa = XCBuildConfiguration;
			baseConfigurationReference = 4E7D737682D48F73EB875808 /* Pods-SelfControlIOSTests.release.xcconfig */;
			buildSettings = {
				ALWAYS_EMBED_SWIFT_STANDARD_LIBRARIES = YES;
				BUNDLE_LOADER = "$(TEST_HOST)";
				DEVELOPMENT_TEAM = "";
				INFOPLIST_FILE = SelfControlIOSTests/Info.plist;
				LD_RUNPATH_SEARCH_PATHS = "$(inherited) @executable_path/Frameworks @loader_path/Frameworks";
				PRODUCT_BUNDLE_IDENTIFIER = com.selfcontrolapp.SelfControlIOSTests;
				PRODUCT_NAME = "$(TARGET_NAME)";
				PROVISIONING_PROFILE_SPECIFIER = "";
				SWIFT_VERSION = 3.0;
				TEST_HOST = "$(BUILT_PRODUCTS_DIR)/SelfControlIOS.app/SelfControlIOS";
			};
			name = Release;
		};
		CB93D1D81E0F216800CE0571 /* Debug */ = {
			isa = XCBuildConfiguration;
			baseConfigurationReference = 33BD64F722E9E1F6C0E3A360 /* Pods-SelfControlIOSUITests.debug.xcconfig */;
			buildSettings = {
				ALWAYS_EMBED_SWIFT_STANDARD_LIBRARIES = YES;
				DEVELOPMENT_TEAM = "";
				INFOPLIST_FILE = SelfControlIOSUITests/Info.plist;
				LD_RUNPATH_SEARCH_PATHS = "$(inherited) @executable_path/Frameworks @loader_path/Frameworks";
				PRODUCT_BUNDLE_IDENTIFIER = com.selfcontrolapp.SelfControlIOSUITests;
				PRODUCT_NAME = "$(TARGET_NAME)";
				PROVISIONING_PROFILE_SPECIFIER = "";
				SWIFT_VERSION = 3.0;
				TEST_TARGET_NAME = SelfControlIOS;
			};
			name = Debug;
		};
		CB93D1D91E0F216800CE0571 /* Release */ = {
			isa = XCBuildConfiguration;
			baseConfigurationReference = AE4D96655C5D62F02D55D1B9 /* Pods-SelfControlIOSUITests.release.xcconfig */;
			buildSettings = {
				ALWAYS_EMBED_SWIFT_STANDARD_LIBRARIES = YES;
				DEVELOPMENT_TEAM = "";
				INFOPLIST_FILE = SelfControlIOSUITests/Info.plist;
				LD_RUNPATH_SEARCH_PATHS = "$(inherited) @executable_path/Frameworks @loader_path/Frameworks";
				PRODUCT_BUNDLE_IDENTIFIER = com.selfcontrolapp.SelfControlIOSUITests;
				PRODUCT_NAME = "$(TARGET_NAME)";
				PROVISIONING_PROFILE_SPECIFIER = "";
				SWIFT_VERSION = 3.0;
				TEST_TARGET_NAME = SelfControlIOS;
			};
			name = Release;
		};
/* End XCBuildConfiguration section */

/* Begin XCConfigurationList section */
		CB84E2EB1E109803005A0A6B /* Build configuration list for PBXNativeTarget "SCFilterDataProvider" */ = {
			isa = XCConfigurationList;
			buildConfigurations = (
				CB84E2EC1E109803005A0A6B /* Debug */,
				CB84E2ED1E109803005A0A6B /* Release */,
			);
			defaultConfigurationIsVisible = 0;
			defaultConfigurationName = Release;
		};
		CB84E2FC1E1098E6005A0A6B /* Build configuration list for PBXNativeTarget "SCFilterControlProvider" */ = {
			isa = XCConfigurationList;
			buildConfigurations = (
				CB84E2FD1E1098E6005A0A6B /* Debug */,
				CB84E2FE1E1098E6005A0A6B /* Release */,
			);
			defaultConfigurationIsVisible = 0;
			defaultConfigurationName = Release;
		};
		CB93D1A21E0F216700CE0571 /* Build configuration list for PBXProject "SelfControlIOS" */ = {
			isa = XCConfigurationList;
			buildConfigurations = (
				CB93D1CF1E0F216800CE0571 /* Debug */,
				CB93D1D01E0F216800CE0571 /* Release */,
			);
			defaultConfigurationIsVisible = 0;
			defaultConfigurationName = Release;
		};
		CB93D1D11E0F216800CE0571 /* Build configuration list for PBXNativeTarget "SelfControlIOS" */ = {
			isa = XCConfigurationList;
			buildConfigurations = (
				CB93D1D21E0F216800CE0571 /* Debug */,
				CB93D1D31E0F216800CE0571 /* Release */,
			);
			defaultConfigurationIsVisible = 0;
			defaultConfigurationName = Release;
		};
		CB93D1D41E0F216800CE0571 /* Build configuration list for PBXNativeTarget "SelfControlIOSTests" */ = {
			isa = XCConfigurationList;
			buildConfigurations = (
				CB93D1D51E0F216800CE0571 /* Debug */,
				CB93D1D61E0F216800CE0571 /* Release */,
			);
			defaultConfigurationIsVisible = 0;
			defaultConfigurationName = Release;
		};
		CB93D1D71E0F216800CE0571 /* Build configuration list for PBXNativeTarget "SelfControlIOSUITests" */ = {
			isa = XCConfigurationList;
			buildConfigurations = (
				CB93D1D81E0F216800CE0571 /* Debug */,
				CB93D1D91E0F216800CE0571 /* Release */,
			);
			defaultConfigurationIsVisible = 0;
			defaultConfigurationName = Release;
		};
/* End XCConfigurationList section */
	};
	rootObject = CB93D19F1E0F216700CE0571 /* Project object */;
}
